
Microsoft Visual Studio Solution File, Format Version 12.00
# Visual Studio Version 17
VisualStudioVersion = 17.10.35122.118
MinimumVisualStudioVersion = 10.0.40219.1
Project("{FAE04EC0-301F-11D3-BF4B-00C04F79EFBC}") = "EdibleNotEdible", "EdibleNotEdible\EdibleNotEdible.csproj", "{4315718C-614B-48C9-8C84-A851DC3B72D3}"
EndProject
Global
	GlobalSection(SolutionConfigurationPlatforms) = preSolution
		Debug|Any CPU = Debug|Any CPU
		Release|Any CPU = Release|Any CPU
	EndGlobalSection
	GlobalSection(ProjectConfigurationPlatforms) = postSolution
		{4315718C-614B-48C9-8C84-A851DC3B72D3}.Debug|Any CPU.ActiveCfg = Debug|Any CPU
		{4315718C-614B-48C9-8C84-A851DC3B72D3}.Debug|Any CPU.Build.0 = Debug|Any CPU
		{4315718C-614B-48C9-8C84-A851DC3B72D3}.Release|Any CPU.ActiveCfg = Release|Any CPU
		{4315718C-614B-48C9-8C84-A851DC3B72D3}.Release|Any CPU.Build.0 = Release|Any CPU
	EndGlobalSection
	GlobalSection(SolutionProperties) = preSolution
		HideSolutionNode = FALSE
	EndGlobalSection
	GlobalSection(ExtensibilityGlobals) = postSolution
		SolutionGuid = {E2FCCDDB-A536-4446-974A-ABA749E602DA}
	EndGlobalSection
EndGlobal
